
Microsoft Visual Studio Solution File, Format Version 12.00
# Visual Studio Version 16
VisualStudioVersion = 16.0.30804.86
MinimumVisualStudioVersion = 10.0.40219.1
Project("{FAE04EC0-301F-11D3-BF4B-00C04F79EFBC}") = "Prueba.WebSite", "Prueba.WebSite.csproj", "{83340122-96B1-4063-AAC5-31DBD3E735E1}"
EndProject
Project("{FAE04EC0-301F-11D3-BF4B-00C04F79EFBC}") = "Prueba.WebApi", "..\Prueba.WebApi\Prueba.WebApi.csproj", "{75DD4EE7-D492-4563-AA0B-9123DB767020}"
EndProject
Project("{FAE04EC0-301F-11D3-BF4B-00C04F79EFBC}") = "Prueba.Entity", "..\Prueba.Entity\Prueba.Entity.csproj", "{F475DC45-9FFC-45B3-90B0-B5EC32C93FA5}"
EndProject
Project("{FAE04EC0-301F-11D3-BF4B-00C04F79EFBC}") = "Prueba.BusinessLogic", "..\Prueba.BusinessLogic\Prueba.BusinessLogic.csproj", "{4AB3D3AF-61BE-4CC2-97EA-02A00E3F0588}"
EndProject
Project("{FAE04EC0-301F-11D3-BF4B-00C04F79EFBC}") = "Prueba.DataAccess", "..\Prueba.DataAccess\Prueba.DataAccess.csproj", "{78C6650B-CA30-49E6-99CD-AD90255231C4}"
EndProject
Global
	GlobalSection(SolutionConfigurationPlatforms) = preSolution
		Debug|Any CPU = Debug|Any CPU
		Release|Any CPU = Release|Any CPU
	EndGlobalSection
	GlobalSection(ProjectConfigurationPlatforms) = postSolution
		{83340122-96B1-4063-AAC5-31DBD3E735E1}.Debug|Any CPU.ActiveCfg = Debug|Any CPU
		{83340122-96B1-4063-AAC5-31DBD3E735E1}.Debug|Any CPU.Build.0 = Debug|Any CPU
		{83340122-96B1-4063-AAC5-31DBD3E735E1}.Release|Any CPU.ActiveCfg = Release|Any CPU
		{83340122-96B1-4063-AAC5-31DBD3E735E1}.Release|Any CPU.Build.0 = Release|Any CPU
		{75DD4EE7-D492-4563-AA0B-9123DB767020}.Debug|Any CPU.ActiveCfg = Debug|Any CPU
		{75DD4EE7-D492-4563-AA0B-9123DB767020}.Debug|Any CPU.Build.0 = Debug|Any CPU
		{75DD4EE7-D492-4563-AA0B-9123DB767020}.Release|Any CPU.ActiveCfg = Release|Any CPU
		{75DD4EE7-D492-4563-AA0B-9123DB767020}.Release|Any CPU.Build.0 = Release|Any CPU
		{F475DC45-9FFC-45B3-90B0-B5EC32C93FA5}.Debug|Any CPU.ActiveCfg = Debug|Any CPU
		{F475DC45-9FFC-45B3-90B0-B5EC32C93FA5}.Debug|Any CPU.Build.0 = Debug|Any CPU
		{F475DC45-9FFC-45B3-90B0-B5EC32C93FA5}.Release|Any CPU.ActiveCfg = Release|Any CPU
		{F475DC45-9FFC-45B3-90B0-B5EC32C93FA5}.Release|Any CPU.Build.0 = Release|Any CPU
		{4AB3D3AF-61BE-4CC2-97EA-02A00E3F0588}.Debug|Any CPU.ActiveCfg = Debug|Any CPU
		{4AB3D3AF-61BE-4CC2-97EA-02A00E3F0588}.Debug|Any CPU.Build.0 = Debug|Any CPU
		{4AB3D3AF-61BE-4CC2-97EA-02A00E3F0588}.Release|Any CPU.ActiveCfg = Release|Any CPU
		{4AB3D3AF-61BE-4CC2-97EA-02A00E3F0588}.Release|Any CPU.Build.0 = Release|Any CPU
		{78C6650B-CA30-49E6-99CD-AD90255231C4}.Debug|Any CPU.ActiveCfg = Debug|Any CPU
		{78C6650B-CA30-49E6-99CD-AD90255231C4}.Debug|Any CPU.Build.0 = Debug|Any CPU
		{78C6650B-CA30-49E6-99CD-AD90255231C4}.Release|Any CPU.ActiveCfg = Release|Any CPU
		{78C6650B-CA30-49E6-99CD-AD90255231C4}.Release|Any CPU.Build.0 = Release|Any CPU
	EndGlobalSection
	GlobalSection(SolutionProperties) = preSolution
		HideSolutionNode = FALSE
	EndGlobalSection
	GlobalSection(ExtensibilityGlobals) = postSolution
		SolutionGuid = {3A4E21BD-5A38-4E41-965D-11A0EE6150D3}
	EndGlobalSection
EndGlobal
